
Microsoft Visual Studio Solution File, Format Version 12.00
# Visual Studio Version 17
VisualStudioVersion = 17.0.31903.59
MinimumVisualStudioVersion = 10.0.40219.1
Project("{2150E333-8FDC-42A3-9474-1A3956D46DE8}") = "src", "src", "{827E0CD3-B72D-47B6-A68D-7590B98EB39B}"
EndProject
Project("{FAE04EC0-301F-11D3-BF4B-00C04F79EFBC}") = "DataVizAgent", "src\DataVizAgent\DataVizAgent.csproj", "{94E8D751-801C-47E8-AD54-E9825F1646FE}"
EndProject
Project("{FAE04EC0-301F-11D3-BF4B-00C04F79EFBC}") = "DataVizAgent.Core", "src\DataVizAgent.Core\DataVizAgent.Core.csproj", "{8D0B1B24-DFE7-4D50-8E9A-6C87CFE95A11}"
EndProject
Project("{FAE04EC0-301F-11D3-BF4B-00C04F79EFBC}") = "DataVizAgent.UI", "src\DataVizAgent.UI\DataVizAgent.UI.csproj", "{693F9F17-9E6E-4B13-A893-91D68BFCB0AC}"
EndProject
Project("{FAE04EC0-301F-11D3-BF4B-00C04F79EFBC}") = "DataVizAgent.Desktop", "src\DataVizAgent.Desktop\DataVizAgent.Desktop.csproj", "{C78EF725-30C1-45F9-9D31-9B4E4C7DD869}"
EndProject
Project("{2150E333-8FDC-42A3-9474-1A3956D46DE8}") = "tests", "tests", "{0AB3BF05-4346-4AA6-1389-037BE0695223}"
EndProject
Project("{FAE04EC0-301F-11D3-BF4B-00C04F79EFBC}") = "DataVizAgent.Core.Tests", "tests\DataVizAgent.Core.Tests\DataVizAgent.Core.Tests.csproj", "{E3ACEB97-A1E5-41F9-9FE3-ACB7C0265340}"
EndProject
Global
	GlobalSection(SolutionConfigurationPlatforms) = preSolution
		Debug|Any CPU = Debug|Any CPU
		Debug|x64 = Debug|x64
		Debug|x86 = Debug|x86
		Release|Any CPU = Release|Any CPU
		Release|x64 = Release|x64
		Release|x86 = Release|x86
	EndGlobalSection
	GlobalSection(ProjectConfigurationPlatforms) = postSolution
		{94E8D751-801C-47E8-AD54-E9825F1646FE}.Debug|Any CPU.ActiveCfg = Debug|Any CPU
		{94E8D751-801C-47E8-AD54-E9825F1646FE}.Debug|Any CPU.Build.0 = Debug|Any CPU
		{94E8D751-801C-47E8-AD54-E9825F1646FE}.Debug|x64.ActiveCfg = Debug|Any CPU
		{94E8D751-801C-47E8-AD54-E9825F1646FE}.Debug|x64.Build.0 = Debug|Any CPU
		{94E8D751-801C-47E8-AD54-E9825F1646FE}.Debug|x86.ActiveCfg = Debug|Any CPU
		{94E8D751-801C-47E8-AD54-E9825F1646FE}.Debug|x86.Build.0 = Debug|Any CPU
		{94E8D751-801C-47E8-AD54-E9825F1646FE}.Release|Any CPU.ActiveCfg = Release|Any CPU
		{94E8D751-801C-47E8-AD54-E9825F1646FE}.Release|Any CPU.Build.0 = Release|Any CPU
		{94E8D751-801C-47E8-AD54-E9825F1646FE}.Release|x64.ActiveCfg = Release|Any CPU
		{94E8D751-801C-47E8-AD54-E9825F1646FE}.Release|x64.Build.0 = Release|Any CPU
		{94E8D751-801C-47E8-AD54-E9825F1646FE}.Release|x86.ActiveCfg = Release|Any CPU
		{94E8D751-801C-47E8-AD54-E9825F1646FE}.Release|x86.Build.0 = Release|Any CPU
		{8D0B1B24-DFE7-4D50-8E9A-6C87CFE95A11}.Debug|Any CPU.ActiveCfg = Debug|Any CPU
		{8D0B1B24-DFE7-4D50-8E9A-6C87CFE95A11}.Debug|Any CPU.Build.0 = Debug|Any CPU
		{8D0B1B24-DFE7-4D50-8E9A-6C87CFE95A11}.Debug|x64.ActiveCfg = Debug|Any CPU
		{8D0B1B24-DFE7-4D50-8E9A-6C87CFE95A11}.Debug|x64.Build.0 = Debug|Any CPU
		{8D0B1B24-DFE7-4D50-8E9A-6C87CFE95A11}.Debug|x86.ActiveCfg = Debug|Any CPU
		{8D0B1B24-DFE7-4D50-8E9A-6C87CFE95A11}.Debug|x86.Build.0 = Debug|Any CPU
		{8D0B1B24-DFE7-4D50-8E9A-6C87CFE95A11}.Release|Any CPU.ActiveCfg = Release|Any CPU
		{8D0B1B24-DFE7-4D50-8E9A-6C87CFE95A11}.Release|Any CPU.Build.0 = Release|Any CPU
		{8D0B1B24-DFE7-4D50-8E9A-6C87CFE95A11}.Release|x64.ActiveCfg = Release|Any CPU
		{8D0B1B24-DFE7-4D50-8E9A-6C87CFE95A11}.Release|x64.Build.0 = Release|Any CPU
		{8D0B1B24-DFE7-4D50-8E9A-6C87CFE95A11}.Release|x86.ActiveCfg = Release|Any CPU
		{8D0B1B24-DFE7-4D50-8E9A-6C87CFE95A11}.Release|x86.Build.0 = Release|Any CPU
		{693F9F17-9E6E-4B13-A893-91D68BFCB0AC}.Debug|Any CPU.ActiveCfg = Debug|Any CPU
		{693F9F17-9E6E-4B13-A893-91D68BFCB0AC}.Debug|Any CPU.Build.0 = Debug|Any CPU
		{693F9F17-9E6E-4B13-A893-91D68BFCB0AC}.Debug|x64.ActiveCfg = Debug|Any CPU
		{693F9F17-9E6E-4B13-A893-91D68BFCB0AC}.Debug|x64.Build.0 = Debug|Any CPU
		{693F9F17-9E6E-4B13-A893-91D68BFCB0AC}.Debug|x86.ActiveCfg = Debug|Any CPU
		{693F9F17-9E6E-4B13-A893-91D68BFCB0AC}.Debug|x86.Build.0 = Debug|Any CPU
		{693F9F17-9E6E-4B13-A893-91D68BFCB0AC}.Release|Any CPU.ActiveCfg = Release|Any CPU
		{693F9F17-9E6E-4B13-A893-91D68BFCB0AC}.Release|Any CPU.Build.0 = Release|Any CPU
		{693F9F17-9E6E-4B13-A893-91D68BFCB0AC}.Release|x64.ActiveCfg = Release|Any CPU
		{693F9F17-9E6E-4B13-A893-91D68BFCB0AC}.Release|x64.Build.0 = Release|Any CPU
		{693F9F17-9E6E-4B13-A893-91D68BFCB0AC}.Release|x86.ActiveCfg = Release|Any CPU
		{693F9F17-9E6E-4B13-A893-91D68BFCB0AC}.Release|x86.Build.0 = Release|Any CPU
		{C78EF725-30C1-45F9-9D31-9B4E4C7DD869}.Debug|Any CPU.ActiveCfg = Debug|Any CPU
		{C78EF725-30C1-45F9-9D31-9B4E4C7DD869}.Debug|Any CPU.Build.0 = Debug|Any CPU
		{C78EF725-30C1-45F9-9D31-9B4E4C7DD869}.Debug|x64.ActiveCfg = Debug|Any CPU
		{C78EF725-30C1-45F9-9D31-9B4E4C7DD869}.Debug|x64.Build.0 = Debug|Any CPU
		{C78EF725-30C1-45F9-9D31-9B4E4C7DD869}.Debug|x86.ActiveCfg = Debug|Any CPU
		{C78EF725-30C1-45F9-9D31-9B4E4C7DD869}.Debug|x86.Build.0 = Debug|Any CPU
		{C78EF725-30C1-45F9-9D31-9B4E4C7DD869}.Release|Any CPU.ActiveCfg = Release|Any CPU
		{C78EF725-30C1-45F9-9D31-9B4E4C7DD869}.Release|Any CPU.Build.0 = Release|Any CPU
		{C78EF725-30C1-45F9-9D31-9B4E4C7DD869}.Release|x64.ActiveCfg = Release|Any CPU
		{C78EF725-30C1-45F9-9D31-9B4E4C7DD869}.Release|x64.Build.0 = Release|Any CPU
		{C78EF725-30C1-45F9-9D31-9B4E4C7DD869}.Release|x86.ActiveCfg = Release|Any CPU
		{C78EF725-30C1-45F9-9D31-9B4E4C7DD869}.Release|x86.Build.0 = Release|Any CPU
		{E3ACEB97-A1E5-41F9-9FE3-ACB7C0265340}.Debug|Any CPU.ActiveCfg = Debug|Any CPU
		{E3ACEB97-A1E5-41F9-9FE3-ACB7C0265340}.Debug|Any CPU.Build.0 = Debug|Any CPU
		{E3ACEB97-A1E5-41F9-9FE3-ACB7C0265340}.Debug|x64.ActiveCfg = Debug|Any CPU
		{E3ACEB97-A1E5-41F9-9FE3-ACB7C0265340}.Debug|x64.Build.0 = Debug|Any CPU
		{E3ACEB97-A1E5-41F9-9FE3-ACB7C0265340}.Debug|x86.ActiveCfg = Debug|Any CPU
		{E3ACEB97-A1E5-41F9-9FE3-ACB7C0265340}.Debug|x86.Build.0 = Debug|Any CPU
		{E3ACEB97-A1E5-41F9-9FE3-ACB7C0265340}.Release|Any CPU.ActiveCfg = Release|Any CPU
		{E3ACEB97-A1E5-41F9-9FE3-ACB7C0265340}.Release|Any CPU.Build.0 = Release|Any CPU
		{E3ACEB97-A1E5-41F9-9FE3-ACB7C0265340}.Release|x64.ActiveCfg = Release|Any CPU
		{E3ACEB97-A1E5-41F9-9FE3-ACB7C0265340}.Release|x64.Build.0 = Release|Any CPU
		{E3ACEB97-A1E5-41F9-9FE3-ACB7C0265340}.Release|x86.ActiveCfg = Release|Any CPU
		{E3ACEB97-A1E5-41F9-9FE3-ACB7C0265340}.Release|x86.Build.0 = Release|Any CPU
	EndGlobalSection
	GlobalSection(SolutionProperties) = preSolution
		HideSolutionNode = FALSE
	EndGlobalSection
	GlobalSection(NestedProjects) = preSolution
		{94E8D751-801C-47E8-AD54-E9825F1646FE} = {827E0CD3-B72D-47B6-A68D-7590B98EB39B}
		{8D0B1B24-DFE7-4D50-8E9A-6C87CFE95A11} = {827E0CD3-B72D-47B6-A68D-7590B98EB39B}
		{693F9F17-9E6E-4B13-A893-91D68BFCB0AC} = {827E0CD3-B72D-47B6-A68D-7590B98EB39B}
		{C78EF725-30C1-45F9-9D31-9B4E4C7DD869} = {827E0CD3-B72D-47B6-A68D-7590B98EB39B}
		{E3ACEB97-A1E5-41F9-9FE3-ACB7C0265340} = {0AB3BF05-4346-4AA6-1389-037BE0695223}
	EndGlobalSection
EndGlobal
